
Microsoft Visual Studio Solution File, Format Version 12.00
# Visual Studio Version 16
VisualStudioVersion = 16.0.31005.135
MinimumVisualStudioVersion = 10.0.40219.1
Project("{2150E333-8FDC-42A3-9474-1A3956D46DE8}") = "Platforms", "Platforms", "{37064DF6-082B-4AA5-8C55-9E838A732683}"
EndProject
Project("{FAE04EC0-301F-11D3-BF4B-00C04F79EFBC}") = "Yoti.Droid", "BP\BP.Droid\Yoti.Droid.csproj", "{D58AAD15-A837-4E7A-9BCA-B97AEDBBA55C}"
EndProject
Project("{FAE04EC0-301F-11D3-BF4B-00C04F79EFBC}") = "Yoti.UWP", "BP\BP.UWP\Yoti.UWP.csproj", "{8262E473-3782-4F26-B5C0-BB900C6245EC}"
EndProject
Project("{9A19103F-16F7-4668-BE54-9A1E7A4F7556}") = "Yoti.Wasm", "BP\BP.Wasm\Yoti.Wasm.csproj", "{C2EBFA08-C767-4C20-B9A1-ABED9BC6B901}"
EndProject
Project("{D954291E-2A0B-460D-934E-DC6B0785DB48}") = "Yoti.Shared", "BP\BP.Shared\Yoti.Shared.shproj", "{6279C845-92F8-4333-AB99-3D213163593C}"
EndProject
Project("{9A19103F-16F7-4668-BE54-9A1E7A4F7556}") = "Visualizer", "Visualizer\Visualizer.csproj", "{34C88066-3DD3-402A-AA82-801E2F47FC53}"
EndProject
Project("{D954291E-2A0B-460D-934E-DC6B0785DB48}") = "Database", "Database\Database.shproj", "{7358A2C4-04CE-49DA-B95E-1677F2CD54BA}"
EndProject
Project("{9A19103F-16F7-4668-BE54-9A1E7A4F7556}") = "Yoti.Server", "BP.Server\Yoti.Server.csproj", "{103D687B-09A6-458D-BC12-C75005E02439}"
EndProject
Project("{9A19103F-16F7-4668-BE54-9A1E7A4F7556}") = "AudioRecognitionLibrary", "AudioRecognitionLibrary\AudioRecognitionLibrary.csproj", "{F807730A-349D-4163-9E83-7C71A0ED2160}"
EndProject
Global
	GlobalSection(SharedMSBuildProjectFiles) = preSolution
		Database\Database.projitems*{103d687b-09a6-458d-bc12-c75005e02439}*SharedItemsImports = 5
		BP\BP.Shared\BP.Shared.projitems*{6279c845-92f8-4333-ab99-3d213163593c}*SharedItemsImports = 13
		Database\Database.projitems*{7358a2c4-04ce-49da-b95e-1677f2cd54ba}*SharedItemsImports = 13
		BP\BP.Shared\BP.Shared.projitems*{8262e473-3782-4f26-b5c0-bb900c6245ec}*SharedItemsImports = 4
		Database\Database.projitems*{8262e473-3782-4f26-b5c0-bb900c6245ec}*SharedItemsImports = 4
		BP\BP.Shared\BP.Shared.projitems*{c2ebfa08-c767-4c20-b9a1-abed9bc6b901}*SharedItemsImports = 5
		Database\Database.projitems*{c2ebfa08-c767-4c20-b9a1-abed9bc6b901}*SharedItemsImports = 5
		BP\BP.Shared\BP.Shared.projitems*{d58aad15-a837-4e7a-9bca-b97aedbba55c}*SharedItemsImports = 4
		Database\Database.projitems*{d58aad15-a837-4e7a-9bca-b97aedbba55c}*SharedItemsImports = 4
	EndGlobalSection
	GlobalSection(SolutionConfigurationPlatforms) = preSolution
		Ad-Hoc|Any CPU = Ad-Hoc|Any CPU
		Ad-Hoc|ARM = Ad-Hoc|ARM
		Ad-Hoc|ARM64 = Ad-Hoc|ARM64
		Ad-Hoc|iPhone = Ad-Hoc|iPhone
		Ad-Hoc|iPhoneSimulator = Ad-Hoc|iPhoneSimulator
		Ad-Hoc|x64 = Ad-Hoc|x64
		Ad-Hoc|x86 = Ad-Hoc|x86
		AppStore|Any CPU = AppStore|Any CPU
		AppStore|ARM = AppStore|ARM
		AppStore|ARM64 = AppStore|ARM64
		AppStore|iPhone = AppStore|iPhone
		AppStore|iPhoneSimulator = AppStore|iPhoneSimulator
		AppStore|x64 = AppStore|x64
		AppStore|x86 = AppStore|x86
		Debug|Any CPU = Debug|Any CPU
		Debug|ARM = Debug|ARM
		Debug|ARM64 = Debug|ARM64
		Debug|iPhone = Debug|iPhone
		Debug|iPhoneSimulator = Debug|iPhoneSimulator
		Debug|x64 = Debug|x64
		Debug|x86 = Debug|x86
		Release|Any CPU = Release|Any CPU
		Release|ARM = Release|ARM
		Release|ARM64 = Release|ARM64
		Release|iPhone = Release|iPhone
		Release|iPhoneSimulator = Release|iPhoneSimulator
		Release|x64 = Release|x64
		Release|x86 = Release|x86
	EndGlobalSection
	GlobalSection(ProjectConfigurationPlatforms) = postSolution
		{D58AAD15-A837-4E7A-9BCA-B97AEDBBA55C}.Ad-Hoc|Any CPU.ActiveCfg = Debug|Any CPU
		{D58AAD15-A837-4E7A-9BCA-B97AEDBBA55C}.Ad-Hoc|Any CPU.Build.0 = Debug|Any CPU
		{D58AAD15-A837-4E7A-9BCA-B97AEDBBA55C}.Ad-Hoc|Any CPU.Deploy.0 = Debug|Any CPU
		{D58AAD15-A837-4E7A-9BCA-B97AEDBBA55C}.Ad-Hoc|ARM.ActiveCfg = Debug|Any CPU
		{D58AAD15-A837-4E7A-9BCA-B97AEDBBA55C}.Ad-Hoc|ARM.Build.0 = Debug|Any CPU
		{D58AAD15-A837-4E7A-9BCA-B97AEDBBA55C}.Ad-Hoc|ARM.Deploy.0 = Debug|Any CPU
		{D58AAD15-A837-4E7A-9BCA-B97AEDBBA55C}.Ad-Hoc|ARM64.ActiveCfg = Debug|Any CPU
		{D58AAD15-A837-4E7A-9BCA-B97AEDBBA55C}.Ad-Hoc|ARM64.Build.0 = Debug|Any CPU
		{D58AAD15-A837-4E7A-9BCA-B97AEDBBA55C}.Ad-Hoc|ARM64.Deploy.0 = Debug|Any CPU
		{D58AAD15-A837-4E7A-9BCA-B97AEDBBA55C}.Ad-Hoc|iPhone.ActiveCfg = Debug|Any CPU
		{D58AAD15-A837-4E7A-9BCA-B97AEDBBA55C}.Ad-Hoc|iPhone.Build.0 = Debug|Any CPU
		{D58AAD15-A837-4E7A-9BCA-B97AEDBBA55C}.Ad-Hoc|iPhone.Deploy.0 = Debug|Any CPU
		{D58AAD15-A837-4E7A-9BCA-B97AEDBBA55C}.Ad-Hoc|iPhoneSimulator.ActiveCfg = Debug|Any CPU
		{D58AAD15-A837-4E7A-9BCA-B97AEDBBA55C}.Ad-Hoc|iPhoneSimulator.Build.0 = Debug|Any CPU
		{D58AAD15-A837-4E7A-9BCA-B97AEDBBA55C}.Ad-Hoc|iPhoneSimulator.Deploy.0 = Debug|Any CPU
		{D58AAD15-A837-4E7A-9BCA-B97AEDBBA55C}.Ad-Hoc|x64.ActiveCfg = Debug|Any CPU
		{D58AAD15-A837-4E7A-9BCA-B97AEDBBA55C}.Ad-Hoc|x64.Build.0 = Debug|Any CPU
		{D58AAD15-A837-4E7A-9BCA-B97AEDBBA55C}.Ad-Hoc|x64.Deploy.0 = Debug|Any CPU
		{D58AAD15-A837-4E7A-9BCA-B97AEDBBA55C}.Ad-Hoc|x86.ActiveCfg = Debug|Any CPU
		{D58AAD15-A837-4E7A-9BCA-B97AEDBBA55C}.Ad-Hoc|x86.Build.0 = Debug|Any CPU
		{D58AAD15-A837-4E7A-9BCA-B97AEDBBA55C}.Ad-Hoc|x86.Deploy.0 = Debug|Any CPU
		{D58AAD15-A837-4E7A-9BCA-B97AEDBBA55C}.AppStore|Any CPU.ActiveCfg = Debug|Any CPU
		{D58AAD15-A837-4E7A-9BCA-B97AEDBBA55C}.AppStore|Any CPU.Build.0 = Debug|Any CPU
		{D58AAD15-A837-4E7A-9BCA-B97AEDBBA55C}.AppStore|Any CPU.Deploy.0 = Debug|Any CPU
		{D58AAD15-A837-4E7A-9BCA-B97AEDBBA55C}.AppStore|ARM.ActiveCfg = Debug|Any CPU
		{D58AAD15-A837-4E7A-9BCA-B97AEDBBA55C}.AppStore|ARM.Build.0 = Debug|Any CPU
		{D58AAD15-A837-4E7A-9BCA-B97AEDBBA55C}.AppStore|ARM.Deploy.0 = Debug|Any CPU
		{D58AAD15-A837-4E7A-9BCA-B97AEDBBA55C}.AppStore|ARM64.ActiveCfg = Debug|Any CPU
		{D58AAD15-A837-4E7A-9BCA-B97AEDBBA55C}.AppStore|ARM64.Build.0 = Debug|Any CPU
		{D58AAD15-A837-4E7A-9BCA-B97AEDBBA55C}.AppStore|ARM64.Deploy.0 = Debug|Any CPU
		{D58AAD15-A837-4E7A-9BCA-B97AEDBBA55C}.AppStore|iPhone.ActiveCfg = Debug|Any CPU
		{D58AAD15-A837-4E7A-9BCA-B97AEDBBA55C}.AppStore|iPhone.Build.0 = Debug|Any CPU
		{D58AAD15-A837-4E7A-9BCA-B97AEDBBA55C}.AppStore|iPhone.Deploy.0 = Debug|Any CPU
		{D58AAD15-A837-4E7A-9BCA-B97AEDBBA55C}.AppStore|iPhoneSimulator.ActiveCfg = Debug|Any CPU
		{D58AAD15-A837-4E7A-9BCA-B97AEDBBA55C}.AppStore|iPhoneSimulator.Build.0 = Debug|Any CPU
		{D58AAD15-A837-4E7A-9BCA-B97AEDBBA55C}.AppStore|iPhoneSimulator.Deploy.0 = Debug|Any CPU
		{D58AAD15-A837-4E7A-9BCA-B97AEDBBA55C}.AppStore|x64.ActiveCfg = Debug|Any CPU
		{D58AAD15-A837-4E7A-9BCA-B97AEDBBA55C}.AppStore|x64.Build.0 = Debug|Any CPU
		{D58AAD15-A837-4E7A-9BCA-B97AEDBBA55C}.AppStore|x64.Deploy.0 = Debug|Any CPU
		{D58AAD15-A837-4E7A-9BCA-B97AEDBBA55C}.AppStore|x86.ActiveCfg = Debug|Any CPU
		{D58AAD15-A837-4E7A-9BCA-B97AEDBBA55C}.AppStore|x86.Build.0 = Debug|Any CPU
		{D58AAD15-A837-4E7A-9BCA-B97AEDBBA55C}.AppStore|x86.Deploy.0 = Debug|Any CPU
		{D58AAD15-A837-4E7A-9BCA-B97AEDBBA55C}.Debug|Any CPU.ActiveCfg = Debug|Any CPU
		{D58AAD15-A837-4E7A-9BCA-B97AEDBBA55C}.Debug|Any CPU.Build.0 = Debug|Any CPU
		{D58AAD15-A837-4E7A-9BCA-B97AEDBBA55C}.Debug|Any CPU.Deploy.0 = Debug|Any CPU
		{D58AAD15-A837-4E7A-9BCA-B97AEDBBA55C}.Debug|ARM.ActiveCfg = Debug|Any CPU
		{D58AAD15-A837-4E7A-9BCA-B97AEDBBA55C}.Debug|ARM.Build.0 = Debug|Any CPU
		{D58AAD15-A837-4E7A-9BCA-B97AEDBBA55C}.Debug|ARM.Deploy.0 = Debug|Any CPU
		{D58AAD15-A837-4E7A-9BCA-B97AEDBBA55C}.Debug|ARM64.ActiveCfg = Debug|Any CPU
		{D58AAD15-A837-4E7A-9BCA-B97AEDBBA55C}.Debug|ARM64.Build.0 = Debug|Any CPU
		{D58AAD15-A837-4E7A-9BCA-B97AEDBBA55C}.Debug|ARM64.Deploy.0 = Debug|Any CPU
		{D58AAD15-A837-4E7A-9BCA-B97AEDBBA55C}.Debug|iPhone.ActiveCfg = Debug|Any CPU
		{D58AAD15-A837-4E7A-9BCA-B97AEDBBA55C}.Debug|iPhone.Build.0 = Debug|Any CPU
		{D58AAD15-A837-4E7A-9BCA-B97AEDBBA55C}.Debug|iPhone.Deploy.0 = Debug|Any CPU
		{D58AAD15-A837-4E7A-9BCA-B97AEDBBA55C}.Debug|iPhoneSimulator.ActiveCfg = Debug|Any CPU
		{D58AAD15-A837-4E7A-9BCA-B97AEDBBA55C}.Debug|iPhoneSimulator.Build.0 = Debug|Any CPU
		{D58AAD15-A837-4E7A-9BCA-B97AEDBBA55C}.Debug|iPhoneSimulator.Deploy.0 = Debug|Any CPU
		{D58AAD15-A837-4E7A-9BCA-B97AEDBBA55C}.Debug|x64.ActiveCfg = Debug|Any CPU
		{D58AAD15-A837-4E7A-9BCA-B97AEDBBA55C}.Debug|x64.Build.0 = Debug|Any CPU
		{D58AAD15-A837-4E7A-9BCA-B97AEDBBA55C}.Debug|x64.Deploy.0 = Debug|Any CPU
		{D58AAD15-A837-4E7A-9BCA-B97AEDBBA55C}.Debug|x86.ActiveCfg = Debug|Any CPU
		{D58AAD15-A837-4E7A-9BCA-B97AEDBBA55C}.Debug|x86.Build.0 = Debug|Any CPU
		{D58AAD15-A837-4E7A-9BCA-B97AEDBBA55C}.Debug|x86.Deploy.0 = Debug|Any CPU
		{D58AAD15-A837-4E7A-9BCA-B97AEDBBA55C}.Release|Any CPU.ActiveCfg = Release|Any CPU
		{D58AAD15-A837-4E7A-9BCA-B97AEDBBA55C}.Release|Any CPU.Build.0 = Release|Any CPU
		{D58AAD15-A837-4E7A-9BCA-B97AEDBBA55C}.Release|Any CPU.Deploy.0 = Release|Any CPU
		{D58AAD15-A837-4E7A-9BCA-B97AEDBBA55C}.Release|ARM.ActiveCfg = Release|Any CPU
		{D58AAD15-A837-4E7A-9BCA-B97AEDBBA55C}.Release|ARM.Build.0 = Release|Any CPU
		{D58AAD15-A837-4E7A-9BCA-B97AEDBBA55C}.Release|ARM.Deploy.0 = Release|Any CPU
		{D58AAD15-A837-4E7A-9BCA-B97AEDBBA55C}.Release|ARM64.ActiveCfg = Release|Any CPU
		{D58AAD15-A837-4E7A-9BCA-B97AEDBBA55C}.Release|ARM64.Build.0 = Release|Any CPU
		{D58AAD15-A837-4E7A-9BCA-B97AEDBBA55C}.Release|ARM64.Deploy.0 = Release|Any CPU
		{D58AAD15-A837-4E7A-9BCA-B97AEDBBA55C}.Release|iPhone.ActiveCfg = Release|Any CPU
		{D58AAD15-A837-4E7A-9BCA-B97AEDBBA55C}.Release|iPhone.Build.0 = Release|Any CPU
		{D58AAD15-A837-4E7A-9BCA-B97AEDBBA55C}.Release|iPhone.Deploy.0 = Release|Any CPU
		{D58AAD15-A837-4E7A-9BCA-B97AEDBBA55C}.Release|iPhoneSimulator.ActiveCfg = Release|Any CPU
		{D58AAD15-A837-4E7A-9BCA-B97AEDBBA55C}.Release|iPhoneSimulator.Build.0 = Release|Any CPU
		{D58AAD15-A837-4E7A-9BCA-B97AEDBBA55C}.Release|iPhoneSimulator.Deploy.0 = Release|Any CPU
		{D58AAD15-A837-4E7A-9BCA-B97AEDBBA55C}.Release|x64.ActiveCfg = Release|Any CPU
		{D58AAD15-A837-4E7A-9BCA-B97AEDBBA55C}.Release|x64.Build.0 = Release|Any CPU
		{D58AAD15-A837-4E7A-9BCA-B97AEDBBA55C}.Release|x64.Deploy.0 = Release|Any CPU
		{D58AAD15-A837-4E7A-9BCA-B97AEDBBA55C}.Release|x86.ActiveCfg = Release|Any CPU
		{D58AAD15-A837-4E7A-9BCA-B97AEDBBA55C}.Release|x86.Build.0 = Release|Any CPU
		{D58AAD15-A837-4E7A-9BCA-B97AEDBBA55C}.Release|x86.Deploy.0 = Release|Any CPU
		{8262E473-3782-4F26-B5C0-BB900C6245EC}.Ad-Hoc|Any CPU.ActiveCfg = Debug|x86
		{8262E473-3782-4F26-B5C0-BB900C6245EC}.Ad-Hoc|Any CPU.Build.0 = Debug|x86
		{8262E473-3782-4F26-B5C0-BB900C6245EC}.Ad-Hoc|Any CPU.Deploy.0 = Debug|x86
		{8262E473-3782-4F26-B5C0-BB900C6245EC}.Ad-Hoc|ARM.ActiveCfg = Debug|ARM
		{8262E473-3782-4F26-B5C0-BB900C6245EC}.Ad-Hoc|ARM.Build.0 = Debug|ARM
		{8262E473-3782-4F26-B5C0-BB900C6245EC}.Ad-Hoc|ARM.Deploy.0 = Debug|ARM
		{8262E473-3782-4F26-B5C0-BB900C6245EC}.Ad-Hoc|ARM64.ActiveCfg = Debug|ARM64
		{8262E473-3782-4F26-B5C0-BB900C6245EC}.Ad-Hoc|ARM64.Build.0 = Debug|ARM64
		{8262E473-3782-4F26-B5C0-BB900C6245EC}.Ad-Hoc|ARM64.Deploy.0 = Debug|ARM64
		{8262E473-3782-4F26-B5C0-BB900C6245EC}.Ad-Hoc|iPhone.ActiveCfg = Debug|x86
		{8262E473-3782-4F26-B5C0-BB900C6245EC}.Ad-Hoc|iPhone.Build.0 = Debug|x86
		{8262E473-3782-4F26-B5C0-BB900C6245EC}.Ad-Hoc|iPhone.Deploy.0 = Debug|x86
		{8262E473-3782-4F26-B5C0-BB900C6245EC}.Ad-Hoc|iPhoneSimulator.ActiveCfg = Debug|x86
		{8262E473-3782-4F26-B5C0-BB900C6245EC}.Ad-Hoc|iPhoneSimulator.Build.0 = Debug|x86
		{8262E473-3782-4F26-B5C0-BB900C6245EC}.Ad-Hoc|iPhoneSimulator.Deploy.0 = Debug|x86
		{8262E473-3782-4F26-B5C0-BB900C6245EC}.Ad-Hoc|x64.ActiveCfg = Debug|x64
		{8262E473-3782-4F26-B5C0-BB900C6245EC}.Ad-Hoc|x64.Build.0 = Debug|x64
		{8262E473-3782-4F26-B5C0-BB900C6245EC}.Ad-Hoc|x64.Deploy.0 = Debug|x64
		{8262E473-3782-4F26-B5C0-BB900C6245EC}.Ad-Hoc|x86.ActiveCfg = Debug|x86
		{8262E473-3782-4F26-B5C0-BB900C6245EC}.Ad-Hoc|x86.Build.0 = Debug|x86
		{8262E473-3782-4F26-B5C0-BB900C6245EC}.Ad-Hoc|x86.Deploy.0 = Debug|x86
		{8262E473-3782-4F26-B5C0-BB900C6245EC}.AppStore|Any CPU.ActiveCfg = Debug|x86
		{8262E473-3782-4F26-B5C0-BB900C6245EC}.AppStore|Any CPU.Build.0 = Debug|x86
		{8262E473-3782-4F26-B5C0-BB900C6245EC}.AppStore|Any CPU.Deploy.0 = Debug|x86
		{8262E473-3782-4F26-B5C0-BB900C6245EC}.AppStore|ARM.ActiveCfg = Debug|ARM
		{8262E473-3782-4F26-B5C0-BB900C6245EC}.AppStore|ARM.Build.0 = Debug|ARM
		{8262E473-3782-4F26-B5C0-BB900C6245EC}.AppStore|ARM.Deploy.0 = Debug|ARM
		{8262E473-3782-4F26-B5C0-BB900C6245EC}.AppStore|ARM64.ActiveCfg = Debug|ARM64
		{8262E473-3782-4F26-B5C0-BB900C6245EC}.AppStore|ARM64.Build.0 = Debug|ARM64
		{8262E473-3782-4F26-B5C0-BB900C6245EC}.AppStore|ARM64.Deploy.0 = Debug|ARM64
		{8262E473-3782-4F26-B5C0-BB900C6245EC}.AppStore|iPhone.ActiveCfg = Debug|x86
		{8262E473-3782-4F26-B5C0-BB900C6245EC}.AppStore|iPhone.Build.0 = Debug|x86
		{8262E473-3782-4F26-B5C0-BB900C6245EC}.AppStore|iPhone.Deploy.0 = Debug|x86
		{8262E473-3782-4F26-B5C0-BB900C6245EC}.AppStore|iPhoneSimulator.ActiveCfg = Debug|x86
		{8262E473-3782-4F26-B5C0-BB900C6245EC}.AppStore|iPhoneSimulator.Build.0 = Debug|x86
		{8262E473-3782-4F26-B5C0-BB900C6245EC}.AppStore|iPhoneSimulator.Deploy.0 = Debug|x86
		{8262E473-3782-4F26-B5C0-BB900C6245EC}.AppStore|x64.ActiveCfg = Debug|x64
		{8262E473-3782-4F26-B5C0-BB900C6245EC}.AppStore|x64.Build.0 = Debug|x64
		{8262E473-3782-4F26-B5C0-BB900C6245EC}.AppStore|x64.Deploy.0 = Debug|x64
		{8262E473-3782-4F26-B5C0-BB900C6245EC}.AppStore|x86.ActiveCfg = Debug|x86
		{8262E473-3782-4F26-B5C0-BB900C6245EC}.AppStore|x86.Build.0 = Debug|x86
		{8262E473-3782-4F26-B5C0-BB900C6245EC}.AppStore|x86.Deploy.0 = Debug|x86
		{8262E473-3782-4F26-B5C0-BB900C6245EC}.Debug|Any CPU.ActiveCfg = Debug|x86
		{8262E473-3782-4F26-B5C0-BB900C6245EC}.Debug|Any CPU.Build.0 = Debug|x86
		{8262E473-3782-4F26-B5C0-BB900C6245EC}.Debug|Any CPU.Deploy.0 = Debug|x86
		{8262E473-3782-4F26-B5C0-BB900C6245EC}.Debug|ARM.ActiveCfg = Debug|ARM
		{8262E473-3782-4F26-B5C0-BB900C6245EC}.Debug|ARM.Build.0 = Debug|ARM
		{8262E473-3782-4F26-B5C0-BB900C6245EC}.Debug|ARM.Deploy.0 = Debug|ARM
		{8262E473-3782-4F26-B5C0-BB900C6245EC}.Debug|ARM64.ActiveCfg = Debug|ARM64
		{8262E473-3782-4F26-B5C0-BB900C6245EC}.Debug|ARM64.Build.0 = Debug|ARM64
		{8262E473-3782-4F26-B5C0-BB900C6245EC}.Debug|ARM64.Deploy.0 = Debug|ARM64
		{8262E473-3782-4F26-B5C0-BB900C6245EC}.Debug|iPhone.ActiveCfg = Debug|x86
		{8262E473-3782-4F26-B5C0-BB900C6245EC}.Debug|iPhoneSimulator.ActiveCfg = Debug|x86
		{8262E473-3782-4F26-B5C0-BB900C6245EC}.Debug|x64.ActiveCfg = Debug|x64
		{8262E473-3782-4F26-B5C0-BB900C6245EC}.Debug|x64.Build.0 = Debug|x64
		{8262E473-3782-4F26-B5C0-BB900C6245EC}.Debug|x64.Deploy.0 = Debug|x64
		{8262E473-3782-4F26-B5C0-BB900C6245EC}.Debug|x86.ActiveCfg = Debug|x86
		{8262E473-3782-4F26-B5C0-BB900C6245EC}.Debug|x86.Build.0 = Debug|x86
		{8262E473-3782-4F26-B5C0-BB900C6245EC}.Debug|x86.Deploy.0 = Debug|x86
		{8262E473-3782-4F26-B5C0-BB900C6245EC}.Release|Any CPU.ActiveCfg = Release|x86
		{8262E473-3782-4F26-B5C0-BB900C6245EC}.Release|ARM.ActiveCfg = Release|ARM
		{8262E473-3782-4F26-B5C0-BB900C6245EC}.Release|ARM.Build.0 = Release|ARM
		{8262E473-3782-4F26-B5C0-BB900C6245EC}.Release|ARM.Deploy.0 = Release|ARM
		{8262E473-3782-4F26-B5C0-BB900C6245EC}.Release|ARM64.ActiveCfg = Release|ARM64
		{8262E473-3782-4F26-B5C0-BB900C6245EC}.Release|ARM64.Build.0 = Release|ARM64
		{8262E473-3782-4F26-B5C0-BB900C6245EC}.Release|ARM64.Deploy.0 = Release|ARM64
		{8262E473-3782-4F26-B5C0-BB900C6245EC}.Release|iPhone.ActiveCfg = Release|x86
		{8262E473-3782-4F26-B5C0-BB900C6245EC}.Release|iPhoneSimulator.ActiveCfg = Release|x86
		{8262E473-3782-4F26-B5C0-BB900C6245EC}.Release|x64.ActiveCfg = Release|x64
		{8262E473-3782-4F26-B5C0-BB900C6245EC}.Release|x64.Build.0 = Release|x64
		{8262E473-3782-4F26-B5C0-BB900C6245EC}.Release|x64.Deploy.0 = Release|x64
		{8262E473-3782-4F26-B5C0-BB900C6245EC}.Release|x86.ActiveCfg = Release|x86
		{8262E473-3782-4F26-B5C0-BB900C6245EC}.Release|x86.Build.0 = Release|x86
		{8262E473-3782-4F26-B5C0-BB900C6245EC}.Release|x86.Deploy.0 = Release|x86
		{C2EBFA08-C767-4C20-B9A1-ABED9BC6B901}.Ad-Hoc|Any CPU.ActiveCfg = Debug|Any CPU
		{C2EBFA08-C767-4C20-B9A1-ABED9BC6B901}.Ad-Hoc|Any CPU.Build.0 = Debug|Any CPU
		{C2EBFA08-C767-4C20-B9A1-ABED9BC6B901}.Ad-Hoc|ARM.ActiveCfg = Debug|Any CPU
		{C2EBFA08-C767-4C20-B9A1-ABED9BC6B901}.Ad-Hoc|ARM.Build.0 = Debug|Any CPU
		{C2EBFA08-C767-4C20-B9A1-ABED9BC6B901}.Ad-Hoc|ARM64.ActiveCfg = Debug|Any CPU
		{C2EBFA08-C767-4C20-B9A1-ABED9BC6B901}.Ad-Hoc|ARM64.Build.0 = Debug|Any CPU
		{C2EBFA08-C767-4C20-B9A1-ABED9BC6B901}.Ad-Hoc|iPhone.ActiveCfg = Debug|Any CPU
		{C2EBFA08-C767-4C20-B9A1-ABED9BC6B901}.Ad-Hoc|iPhone.Build.0 = Debug|Any CPU
		{C2EBFA08-C767-4C20-B9A1-ABED9BC6B901}.Ad-Hoc|iPhoneSimulator.ActiveCfg = Debug|Any CPU
		{C2EBFA08-C767-4C20-B9A1-ABED9BC6B901}.Ad-Hoc|iPhoneSimulator.Build.0 = Debug|Any CPU
		{C2EBFA08-C767-4C20-B9A1-ABED9BC6B901}.Ad-Hoc|x64.ActiveCfg = Debug|Any CPU
		{C2EBFA08-C767-4C20-B9A1-ABED9BC6B901}.Ad-Hoc|x64.Build.0 = Debug|Any CPU
		{C2EBFA08-C767-4C20-B9A1-ABED9BC6B901}.Ad-Hoc|x86.ActiveCfg = Debug|Any CPU
		{C2EBFA08-C767-4C20-B9A1-ABED9BC6B901}.Ad-Hoc|x86.Build.0 = Debug|Any CPU
		{C2EBFA08-C767-4C20-B9A1-ABED9BC6B901}.AppStore|Any CPU.ActiveCfg = Debug|Any CPU
		{C2EBFA08-C767-4C20-B9A1-ABED9BC6B901}.AppStore|Any CPU.Build.0 = Debug|Any CPU
		{C2EBFA08-C767-4C20-B9A1-ABED9BC6B901}.AppStore|ARM.ActiveCfg = Debug|Any CPU
		{C2EBFA08-C767-4C20-B9A1-ABED9BC6B901}.AppStore|ARM.Build.0 = Debug|Any CPU
		{C2EBFA08-C767-4C20-B9A1-ABED9BC6B901}.AppStore|ARM64.ActiveCfg = Debug|Any CPU
		{C2EBFA08-C767-4C20-B9A1-ABED9BC6B901}.AppStore|ARM64.Build.0 = Debug|Any CPU
		{C2EBFA08-C767-4C20-B9A1-ABED9BC6B901}.AppStore|iPhone.ActiveCfg = Debug|Any CPU
		{C2EBFA08-C767-4C20-B9A1-ABED9BC6B901}.AppStore|iPhone.Build.0 = Debug|Any CPU
		{C2EBFA08-C767-4C20-B9A1-ABED9BC6B901}.AppStore|iPhoneSimulator.ActiveCfg = Debug|Any CPU
		{C2EBFA08-C767-4C20-B9A1-ABED9BC6B901}.AppStore|iPhoneSimulator.Build.0 = Debug|Any CPU
		{C2EBFA08-C767-4C20-B9A1-ABED9BC6B901}.AppStore|x64.ActiveCfg = Debug|Any CPU
		{C2EBFA08-C767-4C20-B9A1-ABED9BC6B901}.AppStore|x64.Build.0 = Debug|Any CPU
		{C2EBFA08-C767-4C20-B9A1-ABED9BC6B901}.AppStore|x86.ActiveCfg = Debug|Any CPU
		{C2EBFA08-C767-4C20-B9A1-ABED9BC6B901}.AppStore|x86.Build.0 = Debug|Any CPU
		{C2EBFA08-C767-4C20-B9A1-ABED9BC6B901}.Debug|Any CPU.ActiveCfg = Debug|Any CPU
		{C2EBFA08-C767-4C20-B9A1-ABED9BC6B901}.Debug|Any CPU.Build.0 = Debug|Any CPU
		{C2EBFA08-C767-4C20-B9A1-ABED9BC6B901}.Debug|ARM.ActiveCfg = Debug|Any CPU
		{C2EBFA08-C767-4C20-B9A1-ABED9BC6B901}.Debug|ARM.Build.0 = Debug|Any CPU
		{C2EBFA08-C767-4C20-B9A1-ABED9BC6B901}.Debug|ARM64.ActiveCfg = Debug|Any CPU
		{C2EBFA08-C767-4C20-B9A1-ABED9BC6B901}.Debug|ARM64.Build.0 = Debug|Any CPU
		{C2EBFA08-C767-4C20-B9A1-ABED9BC6B901}.Debug|iPhone.ActiveCfg = Debug|Any CPU
		{C2EBFA08-C767-4C20-B9A1-ABED9BC6B901}.Debug|iPhone.Build.0 = Debug|Any CPU
		{C2EBFA08-C767-4C20-B9A1-ABED9BC6B901}.Debug|iPhoneSimulator.ActiveCfg = Debug|Any CPU
		{C2EBFA08-C767-4C20-B9A1-ABED9BC6B901}.Debug|iPhoneSimulator.Build.0 = Debug|Any CPU
		{C2EBFA08-C767-4C20-B9A1-ABED9BC6B901}.Debug|x64.ActiveCfg = Debug|Any CPU
		{C2EBFA08-C767-4C20-B9A1-ABED9BC6B901}.Debug|x64.Build.0 = Debug|Any CPU
		{C2EBFA08-C767-4C20-B9A1-ABED9BC6B901}.Debug|x86.ActiveCfg = Debug|Any CPU
		{C2EBFA08-C767-4C20-B9A1-ABED9BC6B901}.Debug|x86.Build.0 = Debug|Any CPU
		{C2EBFA08-C767-4C20-B9A1-ABED9BC6B901}.Release|Any CPU.ActiveCfg = Release|Any CPU
		{C2EBFA08-C767-4C20-B9A1-ABED9BC6B901}.Release|Any CPU.Build.0 = Release|Any CPU
		{C2EBFA08-C767-4C20-B9A1-ABED9BC6B901}.Release|ARM.ActiveCfg = Release|Any CPU
		{C2EBFA08-C767-4C20-B9A1-ABED9BC6B901}.Release|ARM.Build.0 = Release|Any CPU
		{C2EBFA08-C767-4C20-B9A1-ABED9BC6B901}.Release|ARM64.ActiveCfg = Release|Any CPU
		{C2EBFA08-C767-4C20-B9A1-ABED9BC6B901}.Release|ARM64.Build.0 = Release|Any CPU
		{C2EBFA08-C767-4C20-B9A1-ABED9BC6B901}.Release|iPhone.ActiveCfg = Release|Any CPU
		{C2EBFA08-C767-4C20-B9A1-ABED9BC6B901}.Release|iPhone.Build.0 = Release|Any CPU
		{C2EBFA08-C767-4C20-B9A1-ABED9BC6B901}.Release|iPhoneSimulator.ActiveCfg = Release|Any CPU
		{C2EBFA08-C767-4C20-B9A1-ABED9BC6B901}.Release|iPhoneSimulator.Build.0 = Release|Any CPU
		{C2EBFA08-C767-4C20-B9A1-ABED9BC6B901}.Release|x64.ActiveCfg = Release|Any CPU
		{C2EBFA08-C767-4C20-B9A1-ABED9BC6B901}.Release|x64.Build.0 = Release|Any CPU
		{C2EBFA08-C767-4C20-B9A1-ABED9BC6B901}.Release|x86.ActiveCfg = Release|Any CPU
		{C2EBFA08-C767-4C20-B9A1-ABED9BC6B901}.Release|x86.Build.0 = Release|Any CPU
		{34C88066-3DD3-402A-AA82-801E2F47FC53}.Ad-Hoc|Any CPU.ActiveCfg = Debug|Any CPU
		{34C88066-3DD3-402A-AA82-801E2F47FC53}.Ad-Hoc|Any CPU.Build.0 = Debug|Any CPU
		{34C88066-3DD3-402A-AA82-801E2F47FC53}.Ad-Hoc|ARM.ActiveCfg = Debug|Any CPU
		{34C88066-3DD3-402A-AA82-801E2F47FC53}.Ad-Hoc|ARM.Build.0 = Debug|Any CPU
		{34C88066-3DD3-402A-AA82-801E2F47FC53}.Ad-Hoc|ARM64.ActiveCfg = Debug|Any CPU
		{34C88066-3DD3-402A-AA82-801E2F47FC53}.Ad-Hoc|ARM64.Build.0 = Debug|Any CPU
		{34C88066-3DD3-402A-AA82-801E2F47FC53}.Ad-Hoc|iPhone.ActiveCfg = Debug|Any CPU
		{34C88066-3DD3-402A-AA82-801E2F47FC53}.Ad-Hoc|iPhone.Build.0 = Debug|Any CPU
		{34C88066-3DD3-402A-AA82-801E2F47FC53}.Ad-Hoc|iPhoneSimulator.ActiveCfg = Debug|Any CPU
		{34C88066-3DD3-402A-AA82-801E2F47FC53}.Ad-Hoc|iPhoneSimulator.Build.0 = Debug|Any CPU
		{34C88066-3DD3-402A-AA82-801E2F47FC53}.Ad-Hoc|x64.ActiveCfg = Debug|Any CPU
		{34C88066-3DD3-402A-AA82-801E2F47FC53}.Ad-Hoc|x64.Build.0 = Debug|Any CPU
		{34C88066-3DD3-402A-AA82-801E2F47FC53}.Ad-Hoc|x86.ActiveCfg = Debug|Any CPU
		{34C88066-3DD3-402A-AA82-801E2F47FC53}.Ad-Hoc|x86.Build.0 = Debug|Any CPU
		{34C88066-3DD3-402A-AA82-801E2F47FC53}.AppStore|Any CPU.ActiveCfg = Debug|Any CPU
		{34C88066-3DD3-402A-AA82-801E2F47FC53}.AppStore|Any CPU.Build.0 = Debug|Any CPU
		{34C88066-3DD3-402A-AA82-801E2F47FC53}.AppStore|ARM.ActiveCfg = Debug|Any CPU
		{34C88066-3DD3-402A-AA82-801E2F47FC53}.AppStore|ARM.Build.0 = Debug|Any CPU
		{34C88066-3DD3-402A-AA82-801E2F47FC53}.AppStore|ARM64.ActiveCfg = Debug|Any CPU
		{34C88066-3DD3-402A-AA82-801E2F47FC53}.AppStore|ARM64.Build.0 = Debug|Any CPU
		{34C88066-3DD3-402A-AA82-801E2F47FC53}.AppStore|iPhone.ActiveCfg = Debug|Any CPU
		{34C88066-3DD3-402A-AA82-801E2F47FC53}.AppStore|iPhone.Build.0 = Debug|Any CPU
		{34C88066-3DD3-402A-AA82-801E2F47FC53}.AppStore|iPhoneSimulator.ActiveCfg = Debug|Any CPU
		{34C88066-3DD3-402A-AA82-801E2F47FC53}.AppStore|iPhoneSimulator.Build.0 = Debug|Any CPU
		{34C88066-3DD3-402A-AA82-801E2F47FC53}.AppStore|x64.ActiveCfg = Debug|Any CPU
		{34C88066-3DD3-402A-AA82-801E2F47FC53}.AppStore|x64.Build.0 = Debug|Any CPU
		{34C88066-3DD3-402A-AA82-801E2F47FC53}.AppStore|x86.ActiveCfg = Debug|Any CPU
		{34C88066-3DD3-402A-AA82-801E2F47FC53}.AppStore|x86.Build.0 = Debug|Any CPU
		{34C88066-3DD3-402A-AA82-801E2F47FC53}.Debug|Any CPU.ActiveCfg = Debug|Any CPU
		{34C88066-3DD3-402A-AA82-801E2F47FC53}.Debug|Any CPU.Build.0 = Debug|Any CPU
		{34C88066-3DD3-402A-AA82-801E2F47FC53}.Debug|ARM.ActiveCfg = Debug|Any CPU
		{34C88066-3DD3-402A-AA82-801E2F47FC53}.Debug|ARM.Build.0 = Debug|Any CPU
		{34C88066-3DD3-402A-AA82-801E2F47FC53}.Debug|ARM64.ActiveCfg = Debug|Any CPU
		{34C88066-3DD3-402A-AA82-801E2F47FC53}.Debug|ARM64.Build.0 = Debug|Any CPU
		{34C88066-3DD3-402A-AA82-801E2F47FC53}.Debug|iPhone.ActiveCfg = Debug|Any CPU
		{34C88066-3DD3-402A-AA82-801E2F47FC53}.Debug|iPhone.Build.0 = Debug|Any CPU
		{34C88066-3DD3-402A-AA82-801E2F47FC53}.Debug|iPhoneSimulator.ActiveCfg = Debug|Any CPU
		{34C88066-3DD3-402A-AA82-801E2F47FC53}.Debug|iPhoneSimulator.Build.0 = Debug|Any CPU
		{34C88066-3DD3-402A-AA82-801E2F47FC53}.Debug|x64.ActiveCfg = Debug|Any CPU
		{34C88066-3DD3-402A-AA82-801E2F47FC53}.Debug|x64.Build.0 = Debug|Any CPU
		{34C88066-3DD3-402A-AA82-801E2F47FC53}.Debug|x86.ActiveCfg = Debug|Any CPU
		{34C88066-3DD3-402A-AA82-801E2F47FC53}.Debug|x86.Build.0 = Debug|Any CPU
		{34C88066-3DD3-402A-AA82-801E2F47FC53}.Release|Any CPU.ActiveCfg = Release|Any CPU
		{34C88066-3DD3-402A-AA82-801E2F47FC53}.Release|Any CPU.Build.0 = Release|Any CPU
		{34C88066-3DD3-402A-AA82-801E2F47FC53}.Release|ARM.ActiveCfg = Release|Any CPU
		{34C88066-3DD3-402A-AA82-801E2F47FC53}.Release|ARM.Build.0 = Release|Any CPU
		{34C88066-3DD3-402A-AA82-801E2F47FC53}.Release|ARM64.ActiveCfg = Release|Any CPU
		{34C88066-3DD3-402A-AA82-801E2F47FC53}.Release|ARM64.Build.0 = Release|Any CPU
		{34C88066-3DD3-402A-AA82-801E2F47FC53}.Release|iPhone.ActiveCfg = Release|Any CPU
		{34C88066-3DD3-402A-AA82-801E2F47FC53}.Release|iPhone.Build.0 = Release|Any CPU
		{34C88066-3DD3-402A-AA82-801E2F47FC53}.Release|iPhoneSimulator.ActiveCfg = Release|Any CPU
		{34C88066-3DD3-402A-AA82-801E2F47FC53}.Release|iPhoneSimulator.Build.0 = Release|Any CPU
		{34C88066-3DD3-402A-AA82-801E2F47FC53}.Release|x64.ActiveCfg = Release|Any CPU
		{34C88066-3DD3-402A-AA82-801E2F47FC53}.Release|x64.Build.0 = Release|Any CPU
		{34C88066-3DD3-402A-AA82-801E2F47FC53}.Release|x86.ActiveCfg = Release|Any CPU
		{34C88066-3DD3-402A-AA82-801E2F47FC53}.Release|x86.Build.0 = Release|Any CPU
		{103D687B-09A6-458D-BC12-C75005E02439}.Ad-Hoc|Any CPU.ActiveCfg = Debug|Any CPU
		{103D687B-09A6-458D-BC12-C75005E02439}.Ad-Hoc|Any CPU.Build.0 = Debug|Any CPU
		{103D687B-09A6-458D-BC12-C75005E02439}.Ad-Hoc|ARM.ActiveCfg = Debug|Any CPU
		{103D687B-09A6-458D-BC12-C75005E02439}.Ad-Hoc|ARM.Build.0 = Debug|Any CPU
		{103D687B-09A6-458D-BC12-C75005E02439}.Ad-Hoc|ARM64.ActiveCfg = Debug|Any CPU
		{103D687B-09A6-458D-BC12-C75005E02439}.Ad-Hoc|ARM64.Build.0 = Debug|Any CPU
		{103D687B-09A6-458D-BC12-C75005E02439}.Ad-Hoc|iPhone.ActiveCfg = Debug|Any CPU
		{103D687B-09A6-458D-BC12-C75005E02439}.Ad-Hoc|iPhone.Build.0 = Debug|Any CPU
		{103D687B-09A6-458D-BC12-C75005E02439}.Ad-Hoc|iPhoneSimulator.ActiveCfg = Debug|Any CPU
		{103D687B-09A6-458D-BC12-C75005E02439}.Ad-Hoc|iPhoneSimulator.Build.0 = Debug|Any CPU
		{103D687B-09A6-458D-BC12-C75005E02439}.Ad-Hoc|x64.ActiveCfg = Debug|Any CPU
		{103D687B-09A6-458D-BC12-C75005E02439}.Ad-Hoc|x64.Build.0 = Debug|Any CPU
		{103D687B-09A6-458D-BC12-C75005E02439}.Ad-Hoc|x86.ActiveCfg = Debug|Any CPU
		{103D687B-09A6-458D-BC12-C75005E02439}.Ad-Hoc|x86.Build.0 = Debug|Any CPU
		{103D687B-09A6-458D-BC12-C75005E02439}.AppStore|Any CPU.ActiveCfg = Debug|Any CPU
		{103D687B-09A6-458D-BC12-C75005E02439}.AppStore|Any CPU.Build.0 = Debug|Any CPU
		{103D687B-09A6-458D-BC12-C75005E02439}.AppStore|ARM.ActiveCfg = Debug|Any CPU
		{103D687B-09A6-458D-BC12-C75005E02439}.AppStore|ARM.Build.0 = Debug|Any CPU
		{103D687B-09A6-458D-BC12-C75005E02439}.AppStore|ARM64.ActiveCfg = Debug|Any CPU
		{103D687B-09A6-458D-BC12-C75005E02439}.AppStore|ARM64.Build.0 = Debug|Any CPU
		{103D687B-09A6-458D-BC12-C75005E02439}.AppStore|iPhone.ActiveCfg = Debug|Any CPU
		{103D687B-09A6-458D-BC12-C75005E02439}.AppStore|iPhone.Build.0 = Debug|Any CPU
		{103D687B-09A6-458D-BC12-C75005E02439}.AppStore|iPhoneSimulator.ActiveCfg = Debug|Any CPU
		{103D687B-09A6-458D-BC12-C75005E02439}.AppStore|iPhoneSimulator.Build.0 = Debug|Any CPU
		{103D687B-09A6-458D-BC12-C75005E02439}.AppStore|x64.ActiveCfg = Debug|Any CPU
		{103D687B-09A6-458D-BC12-C75005E02439}.AppStore|x64.Build.0 = Debug|Any CPU
		{103D687B-09A6-458D-BC12-C75005E02439}.AppStore|x86.ActiveCfg = Debug|Any CPU
		{103D687B-09A6-458D-BC12-C75005E02439}.AppStore|x86.Build.0 = Debug|Any CPU
		{103D687B-09A6-458D-BC12-C75005E02439}.Debug|Any CPU.ActiveCfg = Debug|Any CPU
		{103D687B-09A6-458D-BC12-C75005E02439}.Debug|Any CPU.Build.0 = Debug|Any CPU
		{103D687B-09A6-458D-BC12-C75005E02439}.Debug|ARM.ActiveCfg = Debug|Any CPU
		{103D687B-09A6-458D-BC12-C75005E02439}.Debug|ARM.Build.0 = Debug|Any CPU
		{103D687B-09A6-458D-BC12-C75005E02439}.Debug|ARM64.ActiveCfg = Debug|Any CPU
		{103D687B-09A6-458D-BC12-C75005E02439}.Debug|ARM64.Build.0 = Debug|Any CPU
		{103D687B-09A6-458D-BC12-C75005E02439}.Debug|iPhone.ActiveCfg = Debug|Any CPU
		{103D687B-09A6-458D-BC12-C75005E02439}.Debug|iPhone.Build.0 = Debug|Any CPU
		{103D687B-09A6-458D-BC12-C75005E02439}.Debug|iPhoneSimulator.ActiveCfg = Debug|Any CPU
		{103D687B-09A6-458D-BC12-C75005E02439}.Debug|iPhoneSimulator.Build.0 = Debug|Any CPU
		{103D687B-09A6-458D-BC12-C75005E02439}.Debug|x64.ActiveCfg = Debug|Any CPU
		{103D687B-09A6-458D-BC12-C75005E02439}.Debug|x64.Build.0 = Debug|Any CPU
		{103D687B-09A6-458D-BC12-C75005E02439}.Debug|x86.ActiveCfg = Debug|Any CPU
		{103D687B-09A6-458D-BC12-C75005E02439}.Debug|x86.Build.0 = Debug|Any CPU
		{103D687B-09A6-458D-BC12-C75005E02439}.Release|Any CPU.ActiveCfg = Release|Any CPU
		{103D687B-09A6-458D-BC12-C75005E02439}.Release|Any CPU.Build.0 = Release|Any CPU
		{103D687B-09A6-458D-BC12-C75005E02439}.Release|ARM.ActiveCfg = Release|Any CPU
		{103D687B-09A6-458D-BC12-C75005E02439}.Release|ARM.Build.0 = Release|Any CPU
		{103D687B-09A6-458D-BC12-C75005E02439}.Release|ARM64.ActiveCfg = Release|Any CPU
		{103D687B-09A6-458D-BC12-C75005E02439}.Release|ARM64.Build.0 = Release|Any CPU
		{103D687B-09A6-458D-BC12-C75005E02439}.Release|iPhone.ActiveCfg = Release|Any CPU
		{103D687B-09A6-458D-BC12-C75005E02439}.Release|iPhone.Build.0 = Release|Any CPU
		{103D687B-09A6-458D-BC12-C75005E02439}.Release|iPhoneSimulator.ActiveCfg = Release|Any CPU
		{103D687B-09A6-458D-BC12-C75005E02439}.Release|iPhoneSimulator.Build.0 = Release|Any CPU
		{103D687B-09A6-458D-BC12-C75005E02439}.Release|x64.ActiveCfg = Release|Any CPU
		{103D687B-09A6-458D-BC12-C75005E02439}.Release|x64.Build.0 = Release|Any CPU
		{103D687B-09A6-458D-BC12-C75005E02439}.Release|x86.ActiveCfg = Release|Any CPU
		{103D687B-09A6-458D-BC12-C75005E02439}.Release|x86.Build.0 = Release|Any CPU
		{F807730A-349D-4163-9E83-7C71A0ED2160}.Ad-Hoc|Any CPU.ActiveCfg = Debug|Any CPU
		{F807730A-349D-4163-9E83-7C71A0ED2160}.Ad-Hoc|Any CPU.Build.0 = Debug|Any CPU
		{F807730A-349D-4163-9E83-7C71A0ED2160}.Ad-Hoc|ARM.ActiveCfg = Debug|Any CPU
		{F807730A-349D-4163-9E83-7C71A0ED2160}.Ad-Hoc|ARM.Build.0 = Debug|Any CPU
		{F807730A-349D-4163-9E83-7C71A0ED2160}.Ad-Hoc|ARM64.ActiveCfg = Debug|Any CPU
		{F807730A-349D-4163-9E83-7C71A0ED2160}.Ad-Hoc|ARM64.Build.0 = Debug|Any CPU
		{F807730A-349D-4163-9E83-7C71A0ED2160}.Ad-Hoc|iPhone.ActiveCfg = Debug|Any CPU
		{F807730A-349D-4163-9E83-7C71A0ED2160}.Ad-Hoc|iPhone.Build.0 = Debug|Any CPU
		{F807730A-349D-4163-9E83-7C71A0ED2160}.Ad-Hoc|iPhoneSimulator.ActiveCfg = Debug|Any CPU
		{F807730A-349D-4163-9E83-7C71A0ED2160}.Ad-Hoc|iPhoneSimulator.Build.0 = Debug|Any CPU
		{F807730A-349D-4163-9E83-7C71A0ED2160}.Ad-Hoc|x64.ActiveCfg = Debug|Any CPU
		{F807730A-349D-4163-9E83-7C71A0ED2160}.Ad-Hoc|x64.Build.0 = Debug|Any CPU
		{F807730A-349D-4163-9E83-7C71A0ED2160}.Ad-Hoc|x86.ActiveCfg = Debug|Any CPU
		{F807730A-349D-4163-9E83-7C71A0ED2160}.Ad-Hoc|x86.Build.0 = Debug|Any CPU
		{F807730A-349D-4163-9E83-7C71A0ED2160}.AppStore|Any CPU.ActiveCfg = Debug|Any CPU
		{F807730A-349D-4163-9E83-7C71A0ED2160}.AppStore|Any CPU.Build.0 = Debug|Any CPU
		{F807730A-349D-4163-9E83-7C71A0ED2160}.AppStore|ARM.ActiveCfg = Debug|Any CPU
		{F807730A-349D-4163-9E83-7C71A0ED2160}.AppStore|ARM.Build.0 = Debug|Any CPU
		{F807730A-349D-4163-9E83-7C71A0ED2160}.AppStore|ARM64.ActiveCfg = Debug|Any CPU
		{F807730A-349D-4163-9E83-7C71A0ED2160}.AppStore|ARM64.Build.0 = Debug|Any CPU
		{F807730A-349D-4163-9E83-7C71A0ED2160}.AppStore|iPhone.ActiveCfg = Debug|Any CPU
		{F807730A-349D-4163-9E83-7C71A0ED2160}.AppStore|iPhone.Build.0 = Debug|Any CPU
		{F807730A-349D-4163-9E83-7C71A0ED2160}.AppStore|iPhoneSimulator.ActiveCfg = Debug|Any CPU
		{F807730A-349D-4163-9E83-7C71A0ED2160}.AppStore|iPhoneSimulator.Build.0 = Debug|Any CPU
		{F807730A-349D-4163-9E83-7C71A0ED2160}.AppStore|x64.ActiveCfg = Debug|Any CPU
		{F807730A-349D-4163-9E83-7C71A0ED2160}.AppStore|x64.Build.0 = Debug|Any CPU
		{F807730A-349D-4163-9E83-7C71A0ED2160}.AppStore|x86.ActiveCfg = Debug|Any CPU
		{F807730A-349D-4163-9E83-7C71A0ED2160}.AppStore|x86.Build.0 = Debug|Any CPU
		{F807730A-349D-4163-9E83-7C71A0ED2160}.Debug|Any CPU.ActiveCfg = Debug|Any CPU
		{F807730A-349D-4163-9E83-7C71A0ED2160}.Debug|Any CPU.Build.0 = Debug|Any CPU
		{F807730A-349D-4163-9E83-7C71A0ED2160}.Debug|ARM.ActiveCfg = Debug|Any CPU
		{F807730A-349D-4163-9E83-7C71A0ED2160}.Debug|ARM.Build.0 = Debug|Any CPU
		{F807730A-349D-4163-9E83-7C71A0ED2160}.Debug|ARM64.ActiveCfg = Debug|Any CPU
		{F807730A-349D-4163-9E83-7C71A0ED2160}.Debug|ARM64.Build.0 = Debug|Any CPU
		{F807730A-349D-4163-9E83-7C71A0ED2160}.Debug|iPhone.ActiveCfg = Debug|Any CPU
		{F807730A-349D-4163-9E83-7C71A0ED2160}.Debug|iPhone.Build.0 = Debug|Any CPU
		{F807730A-349D-4163-9E83-7C71A0ED2160}.Debug|iPhoneSimulator.ActiveCfg = Debug|Any CPU
		{F807730A-349D-4163-9E83-7C71A0ED2160}.Debug|iPhoneSimulator.Build.0 = Debug|Any CPU
		{F807730A-349D-4163-9E83-7C71A0ED2160}.Debug|x64.ActiveCfg = Debug|Any CPU
		{F807730A-349D-4163-9E83-7C71A0ED2160}.Debug|x64.Build.0 = Debug|Any CPU
		{F807730A-349D-4163-9E83-7C71A0ED2160}.Debug|x86.ActiveCfg = Debug|Any CPU
		{F807730A-349D-4163-9E83-7C71A0ED2160}.Debug|x86.Build.0 = Debug|Any CPU
		{F807730A-349D-4163-9E83-7C71A0ED2160}.Release|Any CPU.ActiveCfg = Release|Any CPU
		{F807730A-349D-4163-9E83-7C71A0ED2160}.Release|Any CPU.Build.0 = Release|Any CPU
		{F807730A-349D-4163-9E83-7C71A0ED2160}.Release|ARM.ActiveCfg = Release|Any CPU
		{F807730A-349D-4163-9E83-7C71A0ED2160}.Release|ARM.Build.0 = Release|Any CPU
		{F807730A-349D-4163-9E83-7C71A0ED2160}.Release|ARM64.ActiveCfg = Release|Any CPU
		{F807730A-349D-4163-9E83-7C71A0ED2160}.Release|ARM64.Build.0 = Release|Any CPU
		{F807730A-349D-4163-9E83-7C71A0ED2160}.Release|iPhone.ActiveCfg = Release|Any CPU
		{F807730A-349D-4163-9E83-7C71A0ED2160}.Release|iPhone.Build.0 = Release|Any CPU
		{F807730A-349D-4163-9E83-7C71A0ED2160}.Release|iPhoneSimulator.ActiveCfg = Release|Any CPU
		{F807730A-349D-4163-9E83-7C71A0ED2160}.Release|iPhoneSimulator.Build.0 = Release|Any CPU
		{F807730A-349D-4163-9E83-7C71A0ED2160}.Release|x64.ActiveCfg = Release|Any CPU
		{F807730A-349D-4163-9E83-7C71A0ED2160}.Release|x64.Build.0 = Release|Any CPU
		{F807730A-349D-4163-9E83-7C71A0ED2160}.Release|x86.ActiveCfg = Release|Any CPU
		{F807730A-349D-4163-9E83-7C71A0ED2160}.Release|x86.Build.0 = Release|Any CPU
	EndGlobalSection
	GlobalSection(SolutionProperties) = preSolution
		HideSolutionNode = FALSE
	EndGlobalSection
	GlobalSection(NestedProjects) = preSolution
		{D58AAD15-A837-4E7A-9BCA-B97AEDBBA55C} = {37064DF6-082B-4AA5-8C55-9E838A732683}
		{8262E473-3782-4F26-B5C0-BB900C6245EC} = {37064DF6-082B-4AA5-8C55-9E838A732683}
		{C2EBFA08-C767-4C20-B9A1-ABED9BC6B901} = {37064DF6-082B-4AA5-8C55-9E838A732683}
	EndGlobalSection
	GlobalSection(ExtensibilityGlobals) = postSolution
		SolutionGuid = {735578A5-34B0-4A4E-88C0-02E4D0BFE5C2}
	EndGlobalSection
EndGlobal
